
Microsoft Visual Studio Solution File, Format Version 12.00
# Visual Studio Version 17
VisualStudioVersion = 17.14.36511.14 d17.14
MinimumVisualStudioVersion = 10.0.40219.1
Project("{FAE04EC0-301F-11D3-BF4B-00C04F79EFBC}") = "Definely.Vault.IManagePoc", "Definely.Vault.IManagePoc\Definely.Vault.IManagePoc.csproj", "{A6C9AA73-45AE-48D4-A398-13235E5D00E3}"
EndProject
Global
	GlobalSection(SolutionConfigurationPlatforms) = preSolution
		Debug|Any CPU = Debug|Any CPU
		Release|Any CPU = Release|Any CPU
	EndGlobalSection
	GlobalSection(ProjectConfigurationPlatforms) = postSolution
		{A6C9AA73-45AE-48D4-A398-13235E5D00E3}.Debug|Any CPU.ActiveCfg = Debug|Any CPU
		{A6C9AA73-45AE-48D4-A398-13235E5D00E3}.Debug|Any CPU.Build.0 = Debug|Any CPU
		{A6C9AA73-45AE-48D4-A398-13235E5D00E3}.Release|Any CPU.ActiveCfg = Release|Any CPU
		{A6C9AA73-45AE-48D4-A398-13235E5D00E3}.Release|Any CPU.Build.0 = Release|Any CPU
	EndGlobalSection
	GlobalSection(SolutionProperties) = preSolution
		HideSolutionNode = FALSE
	EndGlobalSection
	GlobalSection(ExtensibilityGlobals) = postSolution
		SolutionGuid = {98A9BACD-99EB-469C-92B3-C987430D3193}
	EndGlobalSection
EndGlobal
